
Microsoft Visual Studio Solution File, Format Version 12.00
# Visual Studio 2012
Project("{FAE04EC0-301F-11D3-BF4B-00C04F79EFBC}") = "Log4NetDatabase", "Log4NetDatabase\Log4NetDatabase.csproj", "{C29D5BC6-A49A-4925-87CF-807B0D68CCCE}"
EndProject
Project("{FAE04EC0-301F-11D3-BF4B-00C04F79EFBC}") = "Log4NetLogger", "Log4NetLogger\Log4NetLogger.csproj", "{FC05CFEF-3DD2-4570-B8D2-A4E530C7A38F}"
EndProject
Project("{FAE04EC0-301F-11D3-BF4B-00C04F79EFBC}") = "Log4NetConsole", "Log4NetConsole\Log4NetConsole.csproj", "{9E96405C-108A-4DD3-8071-48A6879E2025}"
EndProject
Global
	GlobalSection(SolutionConfigurationPlatforms) = preSolution
		Debug|Any CPU = Debug|Any CPU
		Release|Any CPU = Release|Any CPU
	EndGlobalSection
	GlobalSection(ProjectConfigurationPlatforms) = postSolution
		{C29D5BC6-A49A-4925-87CF-807B0D68CCCE}.Debug|Any CPU.ActiveCfg = Debug|Any CPU
		{C29D5BC6-A49A-4925-87CF-807B0D68CCCE}.Debug|Any CPU.Build.0 = Debug|Any CPU
		{C29D5BC6-A49A-4925-87CF-807B0D68CCCE}.Release|Any CPU.ActiveCfg = Release|Any CPU
		{C29D5BC6-A49A-4925-87CF-807B0D68CCCE}.Release|Any CPU.Build.0 = Release|Any CPU
		{FC05CFEF-3DD2-4570-B8D2-A4E530C7A38F}.Debug|Any CPU.ActiveCfg = Debug|Any CPU
		{FC05CFEF-3DD2-4570-B8D2-A4E530C7A38F}.Debug|Any CPU.Build.0 = Debug|Any CPU
		{FC05CFEF-3DD2-4570-B8D2-A4E530C7A38F}.Release|Any CPU.ActiveCfg = Release|Any CPU
		{FC05CFEF-3DD2-4570-B8D2-A4E530C7A38F}.Release|Any CPU.Build.0 = Release|Any CPU
		{9E96405C-108A-4DD3-8071-48A6879E2025}.Debug|Any CPU.ActiveCfg = Debug|Any CPU
		{9E96405C-108A-4DD3-8071-48A6879E2025}.Debug|Any CPU.Build.0 = Debug|Any CPU
		{9E96405C-108A-4DD3-8071-48A6879E2025}.Release|Any CPU.ActiveCfg = Release|Any CPU
		{9E96405C-108A-4DD3-8071-48A6879E2025}.Release|Any CPU.Build.0 = Release|Any CPU
	EndGlobalSection
	GlobalSection(SolutionProperties) = preSolution
		HideSolutionNode = FALSE
	EndGlobalSection
EndGlobal
