
Microsoft Visual Studio Solution File, Format Version 12.00
# Visual Studio 2012
Project("{FAE04EC0-301F-11D3-BF4B-00C04F79EFBC}") = "WcfRestPOC", "WcfRestPOC\WcfRestPOC.csproj", "{CE71C768-B3C1-4D45-84CC-673DB6EEB002}"
EndProject
Project("{FAE04EC0-301F-11D3-BF4B-00C04F79EFBC}") = "WcfRestPOC.Client", "WcfRestPOC.Client\WcfRestPOC.Client.csproj", "{5591A69B-8E5F-4B84-90C7-731555C14F72}"
EndProject
Project("{FAE04EC0-301F-11D3-BF4B-00C04F79EFBC}") = "WcfRestPOC.MVC.Client", "WcfRestPOC.MVC.Client\WcfRestPOC.MVC.Client.csproj", "{4B2EFD4C-1E93-426F-B10B-222EE2083D9F}"
	ProjectSection(ProjectDependencies) = postProject
		{CE71C768-B3C1-4D45-84CC-673DB6EEB002} = {CE71C768-B3C1-4D45-84CC-673DB6EEB002}
	EndProjectSection
EndProject
Global
	GlobalSection(SolutionConfigurationPlatforms) = preSolution
		Debug|Any CPU = Debug|Any CPU
		Release|Any CPU = Release|Any CPU
	EndGlobalSection
	GlobalSection(ProjectConfigurationPlatforms) = postSolution
		{CE71C768-B3C1-4D45-84CC-673DB6EEB002}.Debug|Any CPU.ActiveCfg = Debug|Any CPU
		{CE71C768-B3C1-4D45-84CC-673DB6EEB002}.Debug|Any CPU.Build.0 = Debug|Any CPU
		{CE71C768-B3C1-4D45-84CC-673DB6EEB002}.Release|Any CPU.ActiveCfg = Release|Any CPU
		{CE71C768-B3C1-4D45-84CC-673DB6EEB002}.Release|Any CPU.Build.0 = Release|Any CPU
		{5591A69B-8E5F-4B84-90C7-731555C14F72}.Debug|Any CPU.ActiveCfg = Debug|Any CPU
		{5591A69B-8E5F-4B84-90C7-731555C14F72}.Debug|Any CPU.Build.0 = Debug|Any CPU
		{5591A69B-8E5F-4B84-90C7-731555C14F72}.Release|Any CPU.ActiveCfg = Release|Any CPU
		{5591A69B-8E5F-4B84-90C7-731555C14F72}.Release|Any CPU.Build.0 = Release|Any CPU
		{4B2EFD4C-1E93-426F-B10B-222EE2083D9F}.Debug|Any CPU.ActiveCfg = Debug|Any CPU
		{4B2EFD4C-1E93-426F-B10B-222EE2083D9F}.Debug|Any CPU.Build.0 = Debug|Any CPU
		{4B2EFD4C-1E93-426F-B10B-222EE2083D9F}.Release|Any CPU.ActiveCfg = Release|Any CPU
		{4B2EFD4C-1E93-426F-B10B-222EE2083D9F}.Release|Any CPU.Build.0 = Release|Any CPU
	EndGlobalSection
	GlobalSection(SolutionProperties) = preSolution
		HideSolutionNode = FALSE
	EndGlobalSection
EndGlobal
