
Microsoft Visual Studio Solution File, Format Version 12.00
# Visual Studio 2012
Project("{FAE04EC0-301F-11D3-BF4B-00C04F79EFBC}") = "ConsoleApplication1", "ConsoleApplication1\ConsoleApplication1.csproj", "{C8067A75-6C39-419E-9D5B-63A13B7956A4}"
EndProject
Project("{FAE04EC0-301F-11D3-BF4B-00C04F79EFBC}") = "DAL", "DAL\DAL.csproj", "{1682BE83-4B6D-4617-AB15-9D3BBF33D6EC}"
EndProject
Global
	GlobalSection(SolutionConfigurationPlatforms) = preSolution
		Debug|Any CPU = Debug|Any CPU
		Release|Any CPU = Release|Any CPU
	EndGlobalSection
	GlobalSection(ProjectConfigurationPlatforms) = postSolution
		{C8067A75-6C39-419E-9D5B-63A13B7956A4}.Debug|Any CPU.ActiveCfg = Debug|Any CPU
		{C8067A75-6C39-419E-9D5B-63A13B7956A4}.Debug|Any CPU.Build.0 = Debug|Any CPU
		{C8067A75-6C39-419E-9D5B-63A13B7956A4}.Release|Any CPU.ActiveCfg = Release|Any CPU
		{C8067A75-6C39-419E-9D5B-63A13B7956A4}.Release|Any CPU.Build.0 = Release|Any CPU
		{1682BE83-4B6D-4617-AB15-9D3BBF33D6EC}.Debug|Any CPU.ActiveCfg = Debug|Any CPU
		{1682BE83-4B6D-4617-AB15-9D3BBF33D6EC}.Debug|Any CPU.Build.0 = Debug|Any CPU
		{1682BE83-4B6D-4617-AB15-9D3BBF33D6EC}.Release|Any CPU.ActiveCfg = Release|Any CPU
		{1682BE83-4B6D-4617-AB15-9D3BBF33D6EC}.Release|Any CPU.Build.0 = Release|Any CPU
	EndGlobalSection
	GlobalSection(SolutionProperties) = preSolution
		HideSolutionNode = FALSE
	EndGlobalSection
	GlobalSection(ExtensibilityGlobals) = postSolution
		EnterpriseLibraryConfigurationToolBinariesPathV6 = packages\EnterpriseLibrary.Common.6.0.1304.0\lib\NET45;packages\EnterpriseLibrary.Data.6.0.1304.0\lib\NET45
	EndGlobalSection
EndGlobal
